PODS:
  - Bootstrap (0.1.0)
  - VTAcknowledgementsViewController (0.12)

DEPENDENCIES:
  - Bootstrap (from `https://raw.githubusercontent.com/tnantoka/Podspecs/master/Specs/Bootstrap/Bootstrap.podspec`)
  - VTAcknowledgementsViewController (~> 0.12)

EXTERNAL SOURCES:
  Bootstrap:
    :podspec: https://raw.githubusercontent.com/tnantoka/Podspecs/master/Specs/Bootstrap/Bootstrap.podspec

SPEC CHECKSUMS:
  Bootstrap: cef9ecabf28f1fb7ea3d785dfc17b06b0c372c33
  VTAcknowledgementsViewController: 5cdab8f3d003680b8fbdfcce90fcab92cee962a6

COCOAPODS: 0.34.2
